# This file is autogenerated, do not edit; changes may be undone by the next 'dep ensure'.


[[projects]]
  name = "github.com/dgrijalva/jwt-go"
  packages = ["."]
  revision = "06ea1031745cb8b3dab3f6a236daf2b0aa468b7e"
  version = "v3.2.0"

[[projects]]
  branch = "master"
  name = "github.com/jmoiron/sqlx"
  packages = [
    ".",
    "reflectx"
  ]
  revision = "2aeb6a910c2b94f2d5eb53d9895d80e27264ec41"

[[projects]]
  branch = "master"
  name = "github.com/julienschmidt/httprouter"
  packages = ["."]
  revision = "adbc77eec0d91467376ca515bc3a14b8434d0f18"

[[projects]]
  branch = "master"
  name = "github.com/lib/pq"
  packages = [
    ".",
    "oid"
  ]
  revision = "d34b9ff171c21ad295489235aec8b6626023cd04"

[[projects]]
  branch = "master"
  name = "golang.org/x/crypto"
  packages = [
    "bcrypt",
    "blowfish"
  ]
  revision = "2d027ae1dddd4694d54f7a8b6cbe78dca8720226"

[solve-meta]
  analyzer-name = "dep"
  analyzer-version = 1
  inputs-digest = "4ef947e069e673deca5f28edaf57118b482470a8b55f7a95e7aa21981d846b01"
  solver-name = "gps-cdcl"
  solver-version = 1
